
Microsoft Visual Studio Solution File, Format Version 12.00
# Visual Studio 14
VisualStudioVersion = 14.0.23107.0
MinimumVisualStudioVersion = 10.0.40219.1
Project("{FAE04EC0-301F-11D3-BF4B-00C04F79EFBC}") = "EmployeeRegistration.MVC", "EmployeeRegistration.MVC\EmployeeRegistration.MVC.csproj", "{DA16235B-011E-4C75-870C-E53B5CD6102E}"
EndProject
Project("{FAE04EC0-301F-11D3-BF4B-00C04F79EFBC}") = "EmployeeRegistration.MVCWeb", "EmployeeRegistration.MVCWeb\EmployeeRegistration.MVCWeb.csproj", "{F8B12BC4-FAB2-4A5B-8063-126FF05C16AE}"
EndProject
Project("{2150E333-8FDC-42A3-9474-1A3956D46DE8}") = "Documentation", "Documentation", "{728F6327-0000-4EFB-9C0A-D9FA815F33C3}"
	ProjectSection(SolutionItems) = preProject
		readme.md = readme.md
	EndProjectSection
EndProject
Global
	GlobalSection(SolutionConfigurationPlatforms) = preSolution
		Debug|Any CPU = Debug|Any CPU
		Release|Any CPU = Release|Any CPU
	EndGlobalSection
	GlobalSection(ProjectConfigurationPlatforms) = postSolution
		{DA16235B-011E-4C75-870C-E53B5CD6102E}.Debug|Any CPU.ActiveCfg = Debug|Any CPU
		{DA16235B-011E-4C75-870C-E53B5CD6102E}.Debug|Any CPU.Build.0 = Debug|Any CPU
		{DA16235B-011E-4C75-870C-E53B5CD6102E}.Debug|Any CPU.Deploy.0 = Debug|Any CPU
		{DA16235B-011E-4C75-870C-E53B5CD6102E}.Release|Any CPU.ActiveCfg = Release|Any CPU
		{DA16235B-011E-4C75-870C-E53B5CD6102E}.Release|Any CPU.Build.0 = Release|Any CPU
		{DA16235B-011E-4C75-870C-E53B5CD6102E}.Release|Any CPU.Deploy.0 = Release|Any CPU
		{F8B12BC4-FAB2-4A5B-8063-126FF05C16AE}.Debug|Any CPU.ActiveCfg = Debug|Any CPU
		{F8B12BC4-FAB2-4A5B-8063-126FF05C16AE}.Debug|Any CPU.Build.0 = Debug|Any CPU
		{F8B12BC4-FAB2-4A5B-8063-126FF05C16AE}.Release|Any CPU.ActiveCfg = Release|Any CPU
		{F8B12BC4-FAB2-4A5B-8063-126FF05C16AE}.Release|Any CPU.Build.0 = Release|Any CPU
	EndGlobalSection
	GlobalSection(SolutionProperties) = preSolution
		HideSolutionNode = FALSE
	EndGlobalSection
EndGlobal
