
Microsoft Visual Studio Solution File, Format Version 12.00
# Visual Studio 14
VisualStudioVersion = 14.0.24720.0
MinimumVisualStudioVersion = 10.0.40219.1
Project("{FAE04EC0-301F-11D3-BF4B-00C04F79EFBC}") = "UdcxRemediation.Console", "UdcxRemediation.Console\UdcxRemediation.Console.csproj", "{5291B718-BEBD-4D3E-9878-2A55C44F249B}"
EndProject
Project("{2150E333-8FDC-42A3-9474-1A3956D46DE8}") = "Documentation", "Documentation", "{B0AA1178-45AE-47D3-9900-41FAC1DDE854}"
	ProjectSection(SolutionItems) = preProject
		CommentUDCXFileNodes-20151228_102459.log = CommentUDCXFileNodes-20151228_102459.log
		Readme.md = Readme.md
		Udcx remediation.docx = Udcx remediation.docx
		UDCXReport.csv = UDCXReport.csv
		UDCXStatusReport_28_12_2015_10_24_59.csv = UDCXStatusReport_28_12_2015_10_24_59.csv
	EndProjectSection
EndProject
Global
	GlobalSection(SolutionConfigurationPlatforms) = preSolution
		Debug|Any CPU = Debug|Any CPU
		Release|Any CPU = Release|Any CPU
	EndGlobalSection
	GlobalSection(ProjectConfigurationPlatforms) = postSolution
		{5291B718-BEBD-4D3E-9878-2A55C44F249B}.Debug|Any CPU.ActiveCfg = Debug|Any CPU
		{5291B718-BEBD-4D3E-9878-2A55C44F249B}.Debug|Any CPU.Build.0 = Debug|Any CPU
		{5291B718-BEBD-4D3E-9878-2A55C44F249B}.Release|Any CPU.ActiveCfg = Release|Any CPU
		{5291B718-BEBD-4D3E-9878-2A55C44F249B}.Release|Any CPU.Build.0 = Release|Any CPU
	EndGlobalSection
	GlobalSection(SolutionProperties) = preSolution
		HideSolutionNode = FALSE
	EndGlobalSection
EndGlobal
