
Microsoft Visual Studio Solution File, Format Version 12.00
# Visual Studio 2013
VisualStudioVersion = 12.0.21005.1
MinimumVisualStudioVersion = 10.0.40219.1
Project("{FAE04EC0-301F-11D3-BF4B-00C04F79EFBC}") = "JDP.Remediation.Console", "JDP.Remediation.Console\JDP.Remediation.Console.csproj", "{A924BF2F-DE1B-4FA7-A956-7AD8D385B92F}"
EndProject
Global
	GlobalSection(TeamFoundationVersionControl) = preSolution
		SccNumberOfProjects = 2
		SccEnterpriseProvider = {4CA58AB2-18FA-4F8D-95D4-32DDF27D184C}
		SccTeamFoundationServer = http://vstfo365:8080/tfs/mos
		SccLocalPath0 = .
		SccProjectUniqueName1 = JDP.Remediation.Console\\JDP.Remediation.Console.csproj
		SccProjectName1 = JDP.Remediation.Console
		SccLocalPath1 = JDP.Remediation.Console
	EndGlobalSection
	GlobalSection(SolutionConfigurationPlatforms) = preSolution
		Debug|Any CPU = Debug|Any CPU
		Release|Any CPU = Release|Any CPU
	EndGlobalSection
	GlobalSection(ProjectConfigurationPlatforms) = postSolution
		{A924BF2F-DE1B-4FA7-A956-7AD8D385B92F}.Debug|Any CPU.ActiveCfg = Debug|Any CPU
		{A924BF2F-DE1B-4FA7-A956-7AD8D385B92F}.Debug|Any CPU.Build.0 = Debug|Any CPU
		{A924BF2F-DE1B-4FA7-A956-7AD8D385B92F}.Release|Any CPU.ActiveCfg = Release|Any CPU
		{A924BF2F-DE1B-4FA7-A956-7AD8D385B92F}.Release|Any CPU.Build.0 = Release|Any CPU
	EndGlobalSection
	GlobalSection(SolutionProperties) = preSolution
		HideSolutionNode = FALSE
	EndGlobalSection
EndGlobal
