
Microsoft Visual Studio Solution File, Format Version 12.00
# Visual Studio 14
VisualStudioVersion = 14.0.23107.0
MinimumVisualStudioVersion = 10.0.40219.1
Project("{FAE04EC0-301F-11D3-BF4B-00C04F79EFBC}") = "EmployeeRegistration.Forms", "EmployeeRegistration.Forms\EmployeeRegistration.Forms.csproj", "{D9E810F8-2EBB-4129-A2F7-7778CC6B7AEA}"
EndProject
Project("{FAE04EC0-301F-11D3-BF4B-00C04F79EFBC}") = "EmployeeRegistration.FormsWeb", "EmployeeRegistration.FormsWeb\EmployeeRegistration.FormsWeb.csproj", "{A48A84D0-777D-4CDA-9061-C5DC8A5F7C43}"
EndProject
Project("{2150E333-8FDC-42A3-9474-1A3956D46DE8}") = "Documentation", "Documentation", "{E6730E6A-1FA8-4BBB-A565-3CDD5C09A20C}"
	ProjectSection(SolutionItems) = preProject
		readme.md = readme.md
	EndProjectSection
EndProject
Global
	GlobalSection(SolutionConfigurationPlatforms) = preSolution
		Debug|Any CPU = Debug|Any CPU
		Release|Any CPU = Release|Any CPU
	EndGlobalSection
	GlobalSection(ProjectConfigurationPlatforms) = postSolution
		{D9E810F8-2EBB-4129-A2F7-7778CC6B7AEA}.Debug|Any CPU.ActiveCfg = Debug|Any CPU
		{D9E810F8-2EBB-4129-A2F7-7778CC6B7AEA}.Debug|Any CPU.Build.0 = Debug|Any CPU
		{D9E810F8-2EBB-4129-A2F7-7778CC6B7AEA}.Debug|Any CPU.Deploy.0 = Debug|Any CPU
		{D9E810F8-2EBB-4129-A2F7-7778CC6B7AEA}.Release|Any CPU.ActiveCfg = Release|Any CPU
		{D9E810F8-2EBB-4129-A2F7-7778CC6B7AEA}.Release|Any CPU.Build.0 = Release|Any CPU
		{D9E810F8-2EBB-4129-A2F7-7778CC6B7AEA}.Release|Any CPU.Deploy.0 = Release|Any CPU
		{A48A84D0-777D-4CDA-9061-C5DC8A5F7C43}.Debug|Any CPU.ActiveCfg = Debug|Any CPU
		{A48A84D0-777D-4CDA-9061-C5DC8A5F7C43}.Debug|Any CPU.Build.0 = Debug|Any CPU
		{A48A84D0-777D-4CDA-9061-C5DC8A5F7C43}.Release|Any CPU.ActiveCfg = Release|Any CPU
		{A48A84D0-777D-4CDA-9061-C5DC8A5F7C43}.Release|Any CPU.Build.0 = Release|Any CPU
	EndGlobalSection
	GlobalSection(SolutionProperties) = preSolution
		HideSolutionNode = FALSE
	EndGlobalSection
EndGlobal
